// !$*UTF8*$!
{
	archiveVersion = 1;
	classes = {
	};
	objectVersion = 77;
	objects = {

/* Begin PBXContainerItemProxy section */
		98AC32B22CC2D06600565C5C /* PBXContainerItemProxy */ = {
			isa = PBXContainerItemProxy;
			containerPortal = 98AC32992CC2D06400565C5C /* Project object */;
			proxyType = 1;
			remoteGlobalIDString = 98AC32A02CC2D06400565C5C;
			remoteInfo = iPodSimulator;
		};
		98AC32BC2CC2D06600565C5C /* PBXContainerItemProxy */ = {
			isa = PBXContainerItemProxy;
			containerPortal = 98AC32992CC2D06400565C5C /* Project object */;
			proxyType = 1;
			remoteGlobalIDString = 98AC32A02CC2D06400565C5C;
			remoteInfo = iPodSimulator;
		};
/* End PBXContainerItemProxy section */

/* Begin PBXFileReference section */
		98AC32A12CC2D06400565C5C /* iPodSimulator.app */ = {isa = PBXFileReference; explicitFileType = wrapper.application; includeInIndex = 0; path = iPodSimulator.app; sourceTree = BUILT_PRODUCTS_DIR; };
		98AC32B12CC2D06600565C5C /* iPodSimulatorTests.xctest */ = {isa = PBXFileReference; explicitFileType = wrapper.cfbundle; includeInIndex = 0; path = iPodSimulatorTests.xctest; sourceTree = BUILT_PRODUCTS_DIR; };
		98AC32BB2CC2D06600565C5C /* iPodSimulatorUITests.xctest */ = {isa = PBXFileReference; explicitFileType = wrapper.cfbundle; includeInIndex = 0; path = iPodSimulatorUITests.xctest; sourceTree = BUILT_PRODUCTS_DIR; };
/* End PBXFileReference section */

/* Begin PBXFileSystemSynchronizedRootGroup section */
		98AC32A32CC2D06400565C5C /* iPodSimulator */ = {
			isa = PBXFileSystemSynchronizedRootGroup;
			path = iPodSimulator;
			sourceTree = "<group>";
		};
		98AC32B42CC2D06600565C5C /* iPodSimulatorTests */ = {
			isa = PBXFileSystemSynchronizedRootGroup;
			path = iPodSimulatorTests;
			sourceTree = "<group>";
		};
		98AC32BE2CC2D06600565C5C /* iPodSimulatorUITests */ = {
			isa = PBXFileSystemSynchronizedRootGroup;
			path = iPodSimulatorUITests;
			sourceTree = "<group>";
		};
/* End PBXFileSystemSynchronizedRootGroup section */

/* Begin PBXFrameworksBuildPhase section */
		98AC329E2CC2D06400565C5C /* Frameworks */ = {
			isa = PBXFrameworksBuildPhase;
			buildActionMask = 2147483647;
			files = (
			);
			runOnlyForDeploymentPostprocessing = 0;
		};
		98AC32AE2CC2D06600565C5C /* Frameworks */ = {
			isa = PBXFrameworksBuildPhase;
			buildActionMask = 2147483647;
			files = (
			);
			runOnlyForDeploymentPostprocessing = 0;
		};
		98AC32B82CC2D06600565C5C /* Frameworks */ = {
			isa = PBXFrameworksBuildPhase;
			buildActionMask = 2147483647;
			files = (
			);
			runOnlyForDeploymentPostprocessing = 0;
		};
/* End PBXFrameworksBuildPhase section */

/* Begin PBXGroup section */
		98AC32982CC2D06400565C5C = {
			isa = PBXGroup;
			children = (
				98AC32A32CC2D06400565C5C /* iPodSimulator */,
				98AC32B42CC2D06600565C5C /* iPodSimulatorTests */,
				98AC32BE2CC2D06600565C5C /* iPodSimulatorUITests */,
				98AC32A22CC2D06400565C5C /* Products */,
			);
			sourceTree = "<group>";
		};
		98AC32A22CC2D06400565C5C /* Products */ = {
			isa = PBXGroup;
			children = (
				98AC32A12CC2D06400565C5C /* iPodSimulator.app */,
				98AC32B12CC2D06600565C5C /* iPodSimulatorTests.xctest */,
				98AC32BB2CC2D06600565C5C /* iPodSimulatorUITests.xctest */,
			);
			name = Products;
			sourceTree = "<group>";
		};
/* End PBXGroup section */

/* Begin PBXNativeTarget section */
		98AC32A02CC2D06400565C5C /* iPodSimulator */ = {
			isa = PBXNativeTarget;
			buildConfigurationList = 98AC32C52CC2D06600565C5C /* Build configuration list for PBXNativeTarget "iPodSimulator" */;
			buildPhases = (
				98AC329D2CC2D06400565C5C /* Sources */,
				98AC329E2CC2D06400565C5C /* Frameworks */,
				98AC329F2CC2D06400565C5C /* Resources */,
			);
			buildRules = (
			);
			dependencies = (
			);
			fileSystemSynchronizedGroups = (
				98AC32A32CC2D06400565C5C /* iPodSimulator */,
			);
			name = iPodSimulator;
			packageProductDependencies = (
			);
			productName = iPodSimulator;
			productReference = 98AC32A12CC2D06400565C5C /* iPodSimulator.app */;
			productType = "com.apple.product-type.application";
		};
		98AC32B02CC2D06600565C5C /* iPodSimulatorTests */ = {
			isa = PBXNativeTarget;
			buildConfigurationList = 98AC32C82CC2D06600565C5C /* Build configuration list for PBXNativeTarget "iPodSimulatorTests" */;
			buildPhases = (
				98AC32AD2CC2D06600565C5C /* Sources */,
				98AC32AE2CC2D06600565C5C /* Frameworks */,
				98AC32AF2CC2D06600565C5C /* Resources */,
			);
			buildRules = (
			);
			dependencies = (
				98AC32B32CC2D06600565C5C /* PBXTargetDependency */,
			);
			fileSystemSynchronizedGroups = (
				98AC32B42CC2D06600565C5C /* iPodSimulatorTests */,
			);
			name = iPodSimulatorTests;
			packageProductDependencies = (
			);
			productName = iPodSimulatorTests;
			productReference = 98AC32B12CC2D06600565C5C /* iPodSimulatorTests.xctest */;
			productType = "com.apple.product-type.bundle.unit-test";
		};
		98AC32BA2CC2D06600565C5C /* iPodSimulatorUITests */ = {
			isa = PBXNativeTarget;
			buildConfigurationList = 98AC32CB2CC2D06600565C5C /* Build configuration list for PBXNativeTarget "iPodSimulatorUITests" */;
			buildPhases = (
				98AC32B72CC2D06600565C5C /* Sources */,
				98AC32B82CC2D06600565C5C /* Frameworks */,
				98AC32B92CC2D06600565C5C /* Resources */,
			);
			buildRules = (
			);
			dependencies = (
				98AC32BD2CC2D06600565C5C /* PBXTargetDependency */,
			);
			fileSystemSynchronizedGroups = (
				98AC32BE2CC2D06600565C5C /* iPodSimulatorUITests */,
			);
			name = iPodSimulatorUITests;
			packageProductDependencies = (
			);
			productName = iPodSimulatorUITests;
			productReference = 98AC32BB2CC2D06600565C5C /* iPodSimulatorUITests.xctest */;
			productType = "com.apple.product-type.bundle.ui-testing";
		};
/* End PBXNativeTarget section */

/* Begin PBXProject section */
		98AC32992CC2D06400565C5C /* Project object */ = {
			isa = PBXProject;
			attributes = {
				BuildIndependentTargetsInParallel = 1;
				LastSwiftUpdateCheck = 1600;
				LastUpgradeCheck = 1600;
				TargetAttributes = {
					98AC32A02CC2D06400565C5C = {
						CreatedOnToolsVersion = 16.0;
					};
					98AC32B02CC2D06600565C5C = {
						CreatedOnToolsVersion = 16.0;
						TestTargetID = 98AC32A02CC2D06400565C5C;
					};
					98AC32BA2CC2D06600565C5C = {
						CreatedOnToolsVersion = 16.0;
						TestTargetID = 98AC32A02CC2D06400565C5C;
					};
				};
			};
			buildConfigurationList = 98AC329C2CC2D06400565C5C /* Build configuration list for PBXProject "iPodSimulator" */;
			developmentRegion = en;
			hasScannedForEncodings = 0;
			knownRegions = (
				en,
				Base,
			);
			mainGroup = 98AC32982CC2D06400565C5C;
			minimizedProjectReferenceProxies = 1;
			preferredProjectObjectVersion = 77;
			productRefGroup = 98AC32A22CC2D06400565C5C /* Products */;
			projectDirPath = "";
			projectRoot = "";
			targets = (
				98AC32A02CC2D06400565C5C /* iPodSimulator */,
				98AC32B02CC2D06600565C5C /* iPodSimulatorTests */,
				98AC32BA2CC2D06600565C5C /* iPodSimulatorUITests */,
			);
		};
/* End PBXProject section */

/* Begin PBXResourcesBuildPhase section */
		98AC329F2CC2D06400565C5C /* Resources */ = {
			isa = PBXResourcesBuildPhase;
			buildActionMask = 2147483647;
			files = (
			);
			runOnlyForDeploymentPostprocessing = 0;
		};
		98AC32AF2CC2D06600565C5C /* Resources */ = {
			isa = PBXResourcesBuildPhase;
			buildActionMask = 2147483647;
			files = (
			);
			runOnlyForDeploymentPostprocessing = 0;
		};
		98AC32B92CC2D06600565C5C /* Resources */ = {
			isa = PBXResourcesBuildPhase;
			buildActionMask = 2147483647;
			files = (
			);
			runOnlyForDeploymentPostprocessing = 0;
		};
/* End PBXResourcesBuildPhase section */

/* Begin PBXSourcesBuildPhase section */
		98AC329D2CC2D06400565C5C /* Sources */ = {
			isa = PBXSourcesBuildPhase;
			buildActionMask = 2147483647;
			files = (
			);
			runOnlyForDeploymentPostprocessing = 0;
		};
		98AC32AD2CC2D06600565C5C /* Sources */ = {
			isa = PBXSourcesBuildPhase;
			buildActionMask = 2147483647;
			files = (
			);
			runOnlyForDeploymentPostprocessing = 0;
		};
		98AC32B72CC2D06600565C5C /* Sources */ = {
			isa = PBXSourcesBuildPhase;
			buildActionMask = 2147483647;
			files = (
			);
			runOnlyForDeploymentPostprocessing = 0;
		};
/* End PBXSourcesBuildPhase section */

/* Begin PBXTargetDependency section */
		98AC32B32CC2D06600565C5C /* PBXTargetDependency */ = {
			isa = PBXTargetDependency;
			target = 98AC32A02CC2D06400565C5C /* iPodSimulator */;
			targetProxy = 98AC32B22CC2D06600565C5C /* PBXContainerItemProxy */;
		};
		98AC32BD2CC2D06600565C5C /* PBXTargetDependency */ = {
			isa = PBXTargetDependency;
			target = 98AC32A02CC2D06400565C5C /* iPodSimulator */;
			targetProxy = 98AC32BC2CC2D06600565C5C /* PBXContainerItemProxy */;
		};
/* End PBXTargetDependency section */

/* Begin XCBuildConfiguration section */
		98AC32C32CC2D06600565C5C /* Debug */ = {
			isa = XCBuildConfiguration;
			buildSettings = {
				ALWAYS_SEARCH_USER_PATHS = NO;
				ASSETCATALOG_COMPILER_GENERATE_SWIFT_ASSET_SYMBOL_EXTENSIONS = YES;
				CLANG_ANALYZER_NONNULL = YES;
				CLANG_ANALYZER_NUMBER_OBJECT_CONVERSION = YES_AGGRESSIVE;
				CLANG_CXX_LANGUAGE_STANDARD = "gnu++20";
				CLANG_ENABLE_MODULES = YES;
				CLANG_ENABLE_OBJC_ARC = YES;
				CLANG_ENABLE_OBJC_WEAK = YES;
				CLANG_WARN_BLOCK_CAPTURE_AUTORELEASING = YES;
				CLANG_WARN_BOOL_CONVERSION = YES;
				CLANG_WARN_COMMA = YES;
				CLANG_WARN_CONSTANT_CONVERSION = YES;
				CLANG_WARN_DEPRECATED_OBJC_IMPLEMENTATIONS = YES;
				CLANG_WARN_DIRECT_OBJC_ISA_USAGE = YES_ERROR;
				CLANG_WARN_DOCUMENTATION_COMMENTS = YES;
				CLANG_WARN_EMPTY_BODY = YES;
				CLANG_WARN_ENUM_CONVERSION = YES;
				CLANG_WARN_INFINITE_RECURSION = YES;
				CLANG_WARN_INT_CONVERSION = YES;
				CLANG_WARN_NON_LITERAL_NULL_CONVERSION = YES;
				CLANG_WARN_OBJC_IMPLICIT_RETAIN_SELF = YES;
				CLANG_WARN_OBJC_LITERAL_CONVERSION = YES;
				CLANG_WARN_OBJC_ROOT_CLASS = YES_ERROR;
				CLANG_WARN_QUOTED_INCLUDE_IN_FRAMEWORK_HEADER = YES;
				CLANG_WARN_RANGE_LOOP_ANALYSIS = YES;
				CLANG_WARN_STRICT_PROTOTYPES = YES;
				CLANG_WARN_SUSPICIOUS_MOVE = YES;
				CLANG_WARN_UNGUARDED_AVAILABILITY = YES_AGGRESSIVE;
				CLANG_WARN_UNREACHABLE_CODE = YES;
				CLANG_WARN__DUPLICATE_METHOD_MATCH = YES;
				COPY_PHASE_STRIP = NO;
				DEBUG_INFORMATION_FORMAT = dwarf;
				ENABLE_STRICT_OBJC_MSGSEND = YES;
				ENABLE_TESTABILITY = YES;
				ENABLE_USER_SCRIPT_SANDBOXING = YES;
				GCC_C_LANGUAGE_STANDARD = gnu17;
				GCC_DYNAMIC_NO_PIC = NO;
				GCC_NO_COMMON_BLOCKS = YES;
				GCC_OPTIMIZATION_LEVEL = 0;
				GCC_PREPROCESSOR_DEFINITIONS = (
					"DEBUG=1",
					"$(inherited)",
				);
				GCC_WARN_64_TO_32_BIT_CONVERSION = YES;
				GCC_WARN_ABOUT_RETURN_TYPE = YES_ERROR;
				GCC_WARN_UNDECLARED_SELECTOR = YES;
				GCC_WARN_UNINITIALIZED_AUTOS = YES_AGGRESSIVE;
				GCC_WARN_UNUSED_FUNCTION = YES;
				GCC_WARN_UNUSED_VARIABLE = YES;
				IPHONEOS_DEPLOYMENT_TARGET = 18.0;
				LOCALIZATION_PREFERS_STRING_CATALOGS = YES;
				MTL_ENABLE_DEBUG_INFO = INCLUDE_SOURCE;
				MTL_FAST_MATH = YES;
				ONLY_ACTIVE_ARCH = YES;
				SDKROOT = iphoneos;
				SWIFT_ACTIVE_COMPILATION_CONDITIONS = "DEBUG $(inherited)";
				SWIFT_OPTIMIZATION_LEVEL = "-Onone";
			};
			name = Debug;
		};
		98AC32C42CC2D06600565C5C /* Release */ = {
			isa = XCBuildConfiguration;
			buildSettings = {
				ALWAYS_SEARCH_USER_PATHS = NO;
				ASSETCATALOG_COMPILER_GENERATE_SWIFT_ASSET_SYMBOL_EXTENSIONS = YES;
				CLANG_ANALYZER_NONNULL = YES;
				CLANG_ANALYZER_NUMBER_OBJECT_CONVERSION = YES_AGGRESSIVE;
				CLANG_CXX_LANGUAGE_STANDARD = "gnu++20";
				CLANG_ENABLE_MODULES = YES;
				CLANG_ENABLE_OBJC_ARC = YES;
				CLANG_ENABLE_OBJC_WEAK = YES;
				CLANG_WARN_BLOCK_CAPTURE_AUTORELEASING = YES;
				CLANG_WARN_BOOL_CONVERSION = YES;
				CLANG_WARN_COMMA = YES;
				CLANG_WARN_CONSTANT_CONVERSION = YES;
				CLANG_WARN_DEPRECATED_OBJC_IMPLEMENTATIONS = YES;
				CLANG_WARN_DIRECT_OBJC_ISA_USAGE = YES_ERROR;
				CLANG_WARN_DOCUMENTATION_COMMENTS = YES;
				CLANG_WARN_EMPTY_BODY = YES;
				CLANG_WARN_ENUM_CONVERSION = YES;
				CLANG_WARN_INFINITE_RECURSION = YES;
				CLANG_WARN_INT_CONVERSION = YES;
				CLANG_WARN_NON_LITERAL_NULL_CONVERSION = YES;
				CLANG_WARN_OBJC_IMPLICIT_RETAIN_SELF = YES;
				CLANG_WARN_OBJC_LITERAL_CONVERSION = YES;
				CLANG_WARN_OBJC_ROOT_CLASS = YES_ERROR;
				CLANG_WARN_QUOTED_INCLUDE_IN_FRAMEWORK_HEADER = YES;
				CLANG_WARN_RANGE_LOOP_ANALYSIS = YES;
				CLANG_WARN_STRICT_PROTOTYPES = YES;
				CLANG_WARN_SUSPICIOUS_MOVE = YES;
				CLANG_WARN_UNGUARDED_AVAILABILITY = YES_AGGRESSIVE;
				CLANG_WARN_UNREACHABLE_CODE = YES;
				CLANG_WARN__DUPLICATE_METHOD_MATCH = YES;
				COPY_PHASE_STRIP = NO;
				DEBUG_INFORMATION_FORMAT = "dwarf-with-dsym";
				ENABLE_NS_ASSERTIONS = NO;
				ENABLE_STRICT_OBJC_MSGSEND = YES;
				ENABLE_USER_SCRIPT_SANDBOXING = YES;
				GCC_C_LANGUAGE_STANDARD = gnu17;
				GCC_NO_COMMON_BLOCKS = YES;
				GCC_WARN_64_TO_32_BIT_CONVERSION = YES;
				GCC_WARN_ABOUT_RETURN_TYPE = YES_ERROR;
				GCC_WARN_UNDECLARED_SELECTOR = YES;
				GCC_WARN_UNINITIALIZED_AUTOS = YES_AGGRESSIVE;
				GCC_WARN_UNUSED_FUNCTION = YES;
				GCC_WARN_UNUSED_VARIABLE = YES;
				IPHONEOS_DEPLOYMENT_TARGET = 18.0;
				LOCALIZATION_PREFERS_STRING_CATALOGS = YES;
				MTL_ENABLE_DEBUG_INFO = NO;
				MTL_FAST_MATH = YES;
				SDKROOT = iphoneos;
				SWIFT_COMPILATION_MODE = wholemodule;
				VALIDATE_PRODUCT = YES;
			};
			name = Release;
		};
		98AC32C62CC2D06600565C5C /* Debug */ = {
			isa = XCBuildConfiguration;
			buildSettings = {
				ASSETCATALOG_COMPILER_APPICON_NAME = AppIcon;
				ASSETCATALOG_COMPILER_GLOBAL_ACCENT_COLOR_NAME = AccentColor;
				CODE_SIGN_STYLE = Automatic;
				CURRENT_PROJECT_VERSION = 1;
				DEVELOPMENT_ASSET_PATHS = "\"iPodSimulator/Preview Content\"";
				DEVELOPMENT_TEAM = 9HAGDA2SGS;
				ENABLE_PREVIEWS = YES;
				GENERATE_INFOPLIST_FILE = YES;
				INFOPLIST_KEY_UIApplicationSceneManifest_Generation = YES;
				INFOPLIST_KEY_UIApplicationSupportsIndirectInputEvents = YES;
				INFOPLIST_KEY_UILaunchScreen_Generation = YES;
				INFOPLIST_KEY_UISupportedInterfaceOrientations_iPad = "UIInterfaceOrientationPortrait UIInterfaceOrientationPortraitUpsideDown UIInterfaceOrientationLandscapeLeft UIInterfaceOrientationLandscapeRight";
				INFOPLIST_KEY_UISupportedInterfaceOrientations_iPhone = "UIInterfaceOrientationPortrait UIInterfaceOrientationLandscapeLeft UIInterfaceOrientationLandscapeRight";
				LD_RUNPATH_SEARCH_PATHS = (
					"$(inherited)",
					"@executable_path/Frameworks",
				);
				MARKETING_VERSION = 1.0;
				PRODUCT_BUNDLE_IDENTIFIER = "DALM-AGENCY.iPodSimulator";
				PRODUCT_NAME = "$(TARGET_NAME)";
				SWIFT_EMIT_LOC_STRINGS = YES;
				SWIFT_VERSION = 5.0;
				TARGETED_DEVICE_FAMILY = "1,2";
			};
			name = Debug;
		};
		98AC32C72CC2D06600565C5C /* Release */ = {
			isa = XCBuildConfiguration;
			buildSettings = {
				ASSETCATALOG_COMPILER_APPICON_NAME = AppIcon;
				ASSETCATALOG_COMPILER_GLOBAL_ACCENT_COLOR_NAME = AccentColor;
				CODE_SIGN_STYLE = Automatic;
				CURRENT_PROJECT_VERSION = 1;
				DEVELOPMENT_ASSET_PATHS = "\"iPodSimulator/Preview Content\"";
				DEVELOPMENT_TEAM = 9HAGDA2SGS;
				ENABLE_PREVIEWS = YES;
				GENERATE_INFOPLIST_FILE = YES;
				INFOPLIST_KEY_UIApplicationSceneManifest_Generation = YES;
				INFOPLIST_KEY_UIApplicationSupportsIndirectInputEvents = YES;
				INFOPLIST_KEY_UILaunchScreen_Generation = YES;
				INFOPLIST_KEY_UISupportedInterfaceOrientations_iPad = "UIInterfaceOrientationPortrait UIInterfaceOrientationPortraitUpsideDown UIInterfaceOrientationLandscapeLeft UIInterfaceOrientationLandscapeRight";
				INFOPLIST_KEY_UISupportedInterfaceOrientations_iPhone = "UIInterfaceOrientationPortrait UIInterfaceOrientationLandscapeLeft UIInterfaceOrientationLandscapeRight";
				LD_RUNPATH_SEARCH_PATHS = (
					"$(inherited)",
					"@executable_path/Frameworks",
				);
				MARKETING_VERSION = 1.0;
				PRODUCT_BUNDLE_IDENTIFIER = "DALM-AGENCY.iPodSimulator";
				PRODUCT_NAME = "$(TARGET_NAME)";
				SWIFT_EMIT_LOC_STRINGS = YES;
				SWIFT_VERSION = 5.0;
				TARGETED_DEVICE_FAMILY = "1,2";
			};
			name = Release;
		};
		98AC32C92CC2D06600565C5C /* Debug */ = {
			isa = XCBuildConfiguration;
			buildSettings = {
				BUNDLE_LOADER = "$(TEST_HOST)";
				CODE_SIGN_STYLE = Automatic;
				CURRENT_PROJECT_VERSION = 1;
				DEVELOPMENT_TEAM = 9HAGDA2SGS;
				GENERATE_INFOPLIST_FILE = YES;
				IPHONEOS_DEPLOYMENT_TARGET = 18.0;
				MARKETING_VERSION = 1.0;
				PRODUCT_BUNDLE_IDENTIFIER = "DALM-AGENCY.iPodSimulatorTests";
				PRODUCT_NAME = "$(TARGET_NAME)";
				SWIFT_EMIT_LOC_STRINGS = NO;
				SWIFT_VERSION = 5.0;
				TARGETED_DEVICE_FAMILY = "1,2";
				TEST_HOST = "$(BUILT_PRODUCTS_DIR)/iPodSimulator.app/$(BUNDLE_EXECUTABLE_FOLDER_PATH)/iPodSimulator";
			};
			name = Debug;
		};
		98AC32CA2CC2D06600565C5C /* Release */ = {
			isa = XCBuildConfiguration;
			buildSettings = {
				BUNDLE_LOADER = "$(TEST_HOST)";
				CODE_SIGN_STYLE = Automatic;
				CURRENT_PROJECT_VERSION = 1;
				DEVELOPMENT_TEAM = 9HAGDA2SGS;
				GENERATE_INFOPLIST_FILE = YES;
				IPHONEOS_DEPLOYMENT_TARGET = 18.0;
				MARKETING_VERSION = 1.0;
				PRODUCT_BUNDLE_IDENTIFIER = "DALM-AGENCY.iPodSimulatorTests";
				PRODUCT_NAME = "$(TARGET_NAME)";
				SWIFT_EMIT_LOC_STRINGS = NO;
				SWIFT_VERSION = 5.0;
				TARGETED_DEVICE_FAMILY = "1,2";
				TEST_HOST = "$(BUILT_PRODUCTS_DIR)/iPodSimulator.app/$(BUNDLE_EXECUTABLE_FOLDER_PATH)/iPodSimulator";
			};
			name = Release;
		};
		98AC32CC2CC2D06600565C5C /* Debug */ = {
			isa = XCBuildConfiguration;
			buildSettings = {
				CODE_SIGN_STYLE = Automatic;
				CURRENT_PROJECT_VERSION = 1;
				DEVELOPMENT_TEAM = 9HAGDA2SGS;
				GENERATE_INFOPLIST_FILE = YES;
				MARKETING_VERSION = 1.0;
				PRODUCT_BUNDLE_IDENTIFIER = "DALM-AGENCY.iPodSimulatorUITests";
				PRODUCT_NAME = "$(TARGET_NAME)";
				SWIFT_EMIT_LOC_STRINGS = NO;
				SWIFT_VERSION = 5.0;
				TARGETED_DEVICE_FAMILY = "1,2";
				TEST_TARGET_NAME = iPodSimulator;
			};
			name = Debug;
		};
		98AC32CD2CC2D06600565C5C /* Release */ = {
			isa = XCBuildConfiguration;
			buildSettings = {
				CODE_SIGN_STYLE = Automatic;
				CURRENT_PROJECT_VERSION = 1;
				DEVELOPMENT_TEAM = 9HAGDA2SGS;
				GENERATE_INFOPLIST_FILE = YES;
				MARKETING_VERSION = 1.0;
				PRODUCT_BUNDLE_IDENTIFIER = "DALM-AGENCY.iPodSimulatorUITests";
				PRODUCT_NAME = "$(TARGET_NAME)";
				SWIFT_EMIT_LOC_STRINGS = NO;
				SWIFT_VERSION = 5.0;
				TARGETED_DEVICE_FAMILY = "1,2";
				TEST_TARGET_NAME = iPodSimulator;
			};
			name = Release;
		};
/* End XCBuildConfiguration section */

/* Begin XCConfigurationList section */
		98AC329C2CC2D06400565C5C /* Build configuration list for PBXProject "iPodSimulator" */ = {
			isa = XCConfigurationList;
			buildConfigurations = (
				98AC32C32CC2D06600565C5C /* Debug */,
				98AC32C42CC2D06600565C5C /* Release */,
			);
			defaultConfigurationIsVisible = 0;
			defaultConfigurationName = Release;
		};
		98AC32C52CC2D06600565C5C /* Build configuration list for PBXNativeTarget "iPodSimulator" */ = {
			isa = XCConfigurationList;
			buildConfigurations = (
				98AC32C62CC2D06600565C5C /* Debug */,
				98AC32C72CC2D06600565C5C /* Release */,
			);
			defaultConfigurationIsVisible = 0;
			defaultConfigurationName = Release;
		};
		98AC32C82CC2D06600565C5C /* Build configuration list for PBXNativeTarget "iPodSimulatorTests" */ = {
			isa = XCConfigurationList;
			buildConfigurations = (
				98AC32C92CC2D06600565C5C /* Debug */,
				98AC32CA2CC2D06600565C5C /* Release */,
			);
			defaultConfigurationIsVisible = 0;
			defaultConfigurationName = Release;
		};
		98AC32CB2CC2D06600565C5C /* Build configuration list for PBXNativeTarget "iPodSimulatorUITests" */ = {
			isa = XCConfigurationList;
			buildConfigurations = (
				98AC32CC2CC2D06600565C5C /* Debug */,
				98AC32CD2CC2D06600565C5C /* Release */,
			);
			defaultConfigurationIsVisible = 0;
			defaultConfigurationName = Release;
		};
/* End XCConfigurationList section */
	};
	rootObject = 98AC32992CC2D06400565C5C /* Project object */;
}
